// !$*UTF8*$!
{
	archiveVersion = 1;
	classes = {
	};
	objectVersion = 46;
	objects = {

/* Begin PBXBuildFile section */
		85332B881C65564500765F63 /* AppDelegate.swift in Sources */ = {isa = PBXBuildFile; fileRef = 85332B871C65564500765F63 /* AppDelegate.swift */; };
		85332B8A1C65564500765F63 /* GameScene.swift in Sources */ = {isa = PBXBuildFile; fileRef = 85332B891C65564500765F63 /* GameScene.swift */; };
		85332B8C1C65564500765F63 /* GameScene.sks in Resources */ = {isa = PBXBuildFile; fileRef = 85332B8B1C65564500765F63 /* GameScene.sks */; };
		85332B8E1C65564500765F63 /* Assets.xcassets in Resources */ = {isa = PBXBuildFile; fileRef = 85332B8D1C65564500765F63 /* Assets.xcassets */; };
		85332B911C65564500765F63 /* MainMenu.xib in Resources */ = {isa = PBXBuildFile; fileRef = 85332B8F1C65564500765F63 /* MainMenu.xib */; };
/* End PBXBuildFile section */

/* Begin PBXFileReference section */
		85332B841C65564500765F63 /* ViewHierachyTest.app */ = {isa = PBXFileReference; explicitFileType = wrapper.application; includeInIndex = 0; path = ViewHierachyTest.app; sourceTree = BUILT_PRODUCTS_DIR; };
		85332B871C65564500765F63 /* AppDelegate.swift */ = {isa = PBXFileReference; lastKnownFileType = sourcecode.swift; path = AppDelegate.swift; sourceTree = "<group>"; };
		85332B891C65564500765F63 /* GameScene.swift */ = {isa = PBXFileReference; lastKnownFileType = sourcecode.swift; path = GameScene.swift; sourceTree = "<group>"; };
		85332B8B1C65564500765F63 /* GameScene.sks */ = {isa = PBXFileReference; lastKnownFileType = file.sks; path = GameScene.sks; sourceTree = "<group>"; };
		85332B8D1C65564500765F63 /* Assets.xcassets */ = {isa = PBXFileReference; lastKnownFileType = folder.assetcatalog; path = Assets.xcassets; sourceTree = "<group>"; };
		85332B901C65564500765F63 /* Base */ = {isa = PBXFileReference; lastKnownFileType = file.xib; name = Base; path = Base.lproj/MainMenu.xib; sourceTree = "<group>"; };
		85332B921C65564500765F63 /* Info.plist */ = {isa = PBXFileReference; lastKnownFileType = text.plist.xml; path = Info.plist; sourceTree = "<group>"; };
/* End PBXFileReference section */

/* Begin PBXFrameworksBuildPhase section */
		85332B811C65564500765F63 /* Frameworks */ = {
			isa = PBXFrameworksBuildPhase;
			buildActionMask = 2147483647;
			files = (
			);
			runOnlyForDeploymentPostprocessing = 0;
		};
/* End PBXFrameworksBuildPhase section */

/* Begin PBXGroup section */
		85332B7B1C65564500765F63 = {
			isa = PBXGroup;
			children = (
				85332B861C65564500765F63 /* ViewHierachyTest */,
				85332B851C65564500765F63 /* Products */,
			);
			sourceTree = "<group>";
		};
		85332B851C65564500765F63 /* Products */ = {
			isa = PBXGroup;
			children = (
				85332B841C65564500765F63 /* ViewHierachyTest.app */,
			);
			name = Products;
			sourceTree = "<group>";
		};
		85332B861C65564500765F63 /* ViewHierachyTest */ = {
			isa = PBXGroup;
			children = (
				85332B871C65564500765F63 /* AppDelegate.swift */,
				85332B891C65564500765F63 /* GameScene.swift */,
				85332B8B1C65564500765F63 /* GameScene.sks */,
				85332B8D1C65564500765F63 /* Assets.xcassets */,
				85332B8F1C65564500765F63 /* MainMenu.xib */,
				85332B921C65564500765F63 /* Info.plist */,
			);
			path = ViewHierachyTest;
			sourceTree = "<group>";
		};
/* End PBXGroup section */

/* Begin PBXNativeTarget section */
		85332B831C65564500765F63 /* ViewHierachyTest */ = {
			isa = PBXNativeTarget;
			buildConfigurationList = 85332B951C65564500765F63 /* Build configuration list for PBXNativeTarget "ViewHierachyTest" */;
			buildPhases = (
				85332B801C65564500765F63 /* Sources */,
				85332B811C65564500765F63 /* Frameworks */,
				85332B821C65564500765F63 /* Resources */,
			);
			buildRules = (
			);
			dependencies = (
			);
			name = ViewHierachyTest;
			productName = ViewHierachyTest;
			productReference = 85332B841C65564500765F63 /* ViewHierachyTest.app */;
			productType = "com.apple.product-type.application";
		};
/* End PBXNativeTarget section */

/* Begin PBXProject section */
		85332B7C1C65564500765F63 /* Project object */ = {
			isa = PBXProject;
			attributes = {
				LastSwiftUpdateCheck = 0710;
				LastUpgradeCheck = 0710;
				ORGANIZATIONNAME = Ariyalion;
				TargetAttributes = {
					85332B831C65564500765F63 = {
						CreatedOnToolsVersion = 7.1;
					};
				};
			};
			buildConfigurationList = 85332B7F1C65564500765F63 /* Build configuration list for PBXProject "ViewHierachyTest" */;
			compatibilityVersion = "Xcode 3.2";
			developmentRegion = English;
			hasScannedForEncodings = 0;
			knownRegions = (
				en,
				Base,
			);
			mainGroup = 85332B7B1C65564500765F63;
			productRefGroup = 85332B851C65564500765F63 /* Products */;
			projectDirPath = "";
			projectRoot = "";
			targets = (
				85332B831C65564500765F63 /* ViewHierachyTest */,
			);
		};
/* End PBXProject section */

/* Begin PBXResourcesBuildPhase section */
		85332B821C65564500765F63 /* Resources */ = {
			isa = PBXResourcesBuildPhase;
			buildActionMask = 2147483647;
			files = (
				85332B8E1C65564500765F63 /* Assets.xcassets in Resources */,
				85332B8C1C65564500765F63 /* GameScene.sks in Resources */,
				85332B911C65564500765F63 /* MainMenu.xib in Resources */,
			);
			runOnlyForDeploymentPostprocessing = 0;
		};
/* End PBXResourcesBuildPhase section */

/* Begin PBXSourcesBuildPhase section */
		85332B801C65564500765F63 /* Sources */ = {
			isa = PBXSourcesBuildPhase;
			buildActionMask = 2147483647;
			files = (
				85332B8A1C65564500765F63 /* GameScene.swift in Sources */,
				85332B881C65564500765F63 /* AppDelegate.swift in Sources */,
			);
			runOnlyForDeploymentPostprocessing = 0;
		};
/* End PBXSourcesBuildPhase section */

/* Begin PBXVariantGroup section */
		85332B8F1C65564500765F63 /* MainMenu.xib */ = {
			isa = PBXVariantGroup;
			children = (
				85332B901C65564500765F63 /* Base */,
			);
			name = MainMenu.xib;
			sourceTree = "<group>";
		};
/* End PBXVariantGroup section */

/* Begin XCBuildConfiguration section */
		85332B931C65564500765F63 /* Debug */ = {
			isa = XCBuildConfiguration;
			buildSettings = {
				ALWAYS_SEARCH_USER_PATHS = NO;
				CLANG_CXX_LANGUAGE_STANDARD = "gnu++0x";
				CLANG_CXX_LIBRARY = "libc++";
				CLANG_ENABLE_MODULES = YES;
				CLANG_ENABLE_OBJC_ARC = YES;
				CLANG_WARN_BOOL_CONVERSION = YES;
				CLANG_WARN_CONSTANT_CONVERSION = YES;
				CLANG_WARN_DIRECT_OBJC_ISA_USAGE = YES_ERROR;
				CLANG_WARN_EMPTY_BODY = YES;
				CLANG_WARN_ENUM_CONVERSION = YES;
				CLANG_WARN_INT_CONVERSION = YES;
				CLANG_WARN_OBJC_ROOT_CLASS = YES_ERROR;
				CLANG_WARN_UNREACHABLE_CODE = YES;
				CLANG_WARN__DUPLICATE_METHOD_MATCH = YES;
				CODE_SIGN_IDENTITY = "-";
				COPY_PHASE_STRIP = NO;
				DEBUG_INFORMATION_FORMAT = "dwarf-with-dsym";
				ENABLE_STRICT_OBJC_MSGSEND = YES;
				ENABLE_TESTABILITY = YES;
				GCC_C_LANGUAGE_STANDARD = gnu99;
				GCC_DYNAMIC_NO_PIC = NO;
				GCC_NO_COMMON_BLOCKS = YES;
				GCC_OPTIMIZATION_LEVEL = 0;
				GCC_PREPROCESSOR_DEFINITIONS = (
					"DEBUG=1",
					"$(inherited)",
				);
				GCC_WARN_64_TO_32_BIT_CONVERSION = YES;
				GCC_WARN_ABOUT_RETURN_TYPE = YES_ERROR;
				GCC_WARN_UNDECLARED_SELECTOR = YES;
				GCC_WARN_UNINITIALIZED_AUTOS = YES_AGGRESSIVE;
				GCC_WARN_UNUSED_FUNCTION = YES;
				GCC_WARN_UNUSED_VARIABLE = YES;
				MACOSX_DEPLOYMENT_TARGET = 10.10;
				MTL_ENABLE_DEBUG_INFO = YES;
				ONLY_ACTIVE_ARCH = YES;
				SDKROOT = macosx;
				SWIFT_OPTIMIZATION_LEVEL = "-Onone";
			};
			name = Debug;
		};
		85332B941C65564500765F63 /* Release */ = {
			isa = XCBuildConfiguration;
			buildSettings = {
				ALWAYS_SEARCH_USER_PATHS = NO;
				CLANG_CXX_LANGUAGE_STANDARD = "gnu++0x";
				CLANG_CXX_LIBRARY = "libc++";
				CLANG_ENABLE_MODULES = YES;
				CLANG_ENABLE_OBJC_ARC = YES;
				CLANG_WARN_BOOL_CONVERSION = YES;
				CLANG_WARN_CONSTANT_CONVERSION = YES;
				CLANG_WARN_DIRECT_OBJC_ISA_USAGE = YES_ERROR;
				CLANG_WARN_EMPTY_BODY = YES;
				CLANG_WARN_ENUM_CONVERSION = YES;
				CLANG_WARN_INT_CONVERSION = YES;
				CLANG_WARN_OBJC_ROOT_CLASS = YES_ERROR;
				CLANG_WARN_UNREACHABLE_CODE = YES;
				CLANG_WARN__DUPLICATE_METHOD_MATCH = YES;
				CODE_SIGN_IDENTITY = "-";
				COPY_PHASE_STRIP = NO;
				DEBUG_INFORMATION_FORMAT = "dwarf-with-dsym";
				ENABLE_NS_ASSERTIONS = NO;
				ENABLE_STRICT_OBJC_MSGSEND = YES;
				GCC_C_LANGUAGE_STANDARD = gnu99;
				GCC_NO_COMMON_BLOCKS = YES;
				GCC_WARN_64_TO_32_BIT_CONVERSION = YES;
				GCC_WARN_ABOUT_RETURN_TYPE = YES_ERROR;
				GCC_WARN_UNDECLARED_SELECTOR = YES;
				GCC_WARN_UNINITIALIZED_AUTOS = YES_AGGRESSIVE;
				GCC_WARN_UNUSED_FUNCTION = YES;
				GCC_WARN_UNUSED_VARIABLE = YES;
				MACOSX_DEPLOYMENT_TARGET = 10.10;
				MTL_ENABLE_DEBUG_INFO = NO;
				SDKROOT = macosx;
			};
			name = Release;
		};
		85332B961C65564500765F63 /* Debug */ = {
			isa = XCBuildConfiguration;
			buildSettings = {
				ASSETCATALOG_COMPILER_APPICON_NAME = AppIcon;
				COMBINE_HIDPI_IMAGES = YES;
				INFOPLIST_FILE = ViewHierachyTest/Info.plist;
				LD_RUNPATH_SEARCH_PATHS = "$(inherited) @executable_path/../Frameworks";
				PRODUCT_BUNDLE_IDENTIFIER = com.ariyalion.ViewHierachyTest;
				PRODUCT_NAME = "$(TARGET_NAME)";
			};
			name = Debug;
		};
		85332B971C65564500765F63 /* Release */ = {
			isa = XCBuildConfiguration;
			buildSettings = {
				ASSETCATALOG_COMPILER_APPICON_NAME = AppIcon;
				COMBINE_HIDPI_IMAGES = YES;
				INFOPLIST_FILE = ViewHierachyTest/Info.plist;
				LD_RUNPATH_SEARCH_PATHS = "$(inherited) @executable_path/../Frameworks";
				PRODUCT_BUNDLE_IDENTIFIER = com.ariyalion.ViewHierachyTest;
				PRODUCT_NAME = "$(TARGET_NAME)";
			};
			name = Release;
		};
/* End XCBuildConfiguration section */

/* Begin XCConfigurationList section */
		85332B7F1C65564500765F63 /* Build configuration list for PBXProject "ViewHierachyTest" */ = {
			isa = XCConfigurationList;
			buildConfigurations = (
				85332B931C65564500765F63 /* Debug */,
				85332B941C65564500765F63 /* Release */,
			);
			defaultConfigurationIsVisible = 0;
			defaultConfigurationName = Release;
		};
		85332B951C65564500765F63 /* Build configuration list for PBXNativeTarget "ViewHierachyTest" */ = {
			isa = XCConfigurationList;
			buildConfigurations = (
				85332B961C65564500765F63 /* Debug */,
				85332B971C65564500765F63 /* Release */,
			);
			defaultConfigurationIsVisible = 0;
		};
/* End XCConfigurationList section */
	};
	rootObject = 85332B7C1C65564500765F63 /* Project object */;
}
